
Microsoft Visual Studio Solution File, Format Version 12.00
# Visual Studio 15
VisualStudioVersion = 15.0.28307.271
MinimumVisualStudioVersion = 10.0.40219.1
Project("{2150E333-8FDC-42A3-9474-1A3956D46DE8}") = "00-Resources", "00-Resources", "{AE76A8B3-3413-4C18-AC34-DBFA2F7DD0A7}"
EndProject
Project("{2150E333-8FDC-42A3-9474-1A3956D46DE8}") = "01-Framework", "01-Framework", "{A75AFCC0-873C-4D15-A969-211A5D4DBA27}"
EndProject
Project("{2150E333-8FDC-42A3-9474-1A3956D46DE8}") = "02-Models", "02-Models", "{4CE396D6-7CE0-48DA-A50B-DF8F98F22FDB}"
EndProject
Project("{2150E333-8FDC-42A3-9474-1A3956D46DE8}") = "03-DataAccess", "03-DataAccess", "{CA5BFE96-0F63-4903-852F-00DB61C861B8}"
EndProject
Project("{2150E333-8FDC-42A3-9474-1A3956D46DE8}") = "04-Business", "04-Business", "{676BB5E3-8798-4DFE-9D3C-53E070C7E2B5}"
EndProject
Project("{2150E333-8FDC-42A3-9474-1A3956D46DE8}") = "09-UnitTest", "09-UnitTest", "{53C62662-6FDE-417C-B66A-318C521C2078}"
EndProject
Project("{2150E333-8FDC-42A3-9474-1A3956D46DE8}") = "00-Utilities", "00-Utilities", "{C94DF27F-2600-4C0E-8288-6C2D980F89F4}"
EndProject
Project("{2150E333-8FDC-42A3-9474-1A3956D46DE8}") = "01-Cache", "01-Cache", "{5202A3E7-C766-42D2-8128-762AEE2883B1}"
EndProject
Project("{2150E333-8FDC-42A3-9474-1A3956D46DE8}") = "02-Global", "02-Global", "{530D4B88-FABE-4937-B660-D794FB55557F}"
EndProject
Project("{2150E333-8FDC-42A3-9474-1A3956D46DE8}") = "03-MQ", "03-MQ", "{EB0D5B8A-A477-4AC5-B844-A14F252C246B}"
EndProject
Project("{2150E333-8FDC-42A3-9474-1A3956D46DE8}") = "04-Wizard", "04-Wizard", "{E308B040-E3F5-4603-8591-DEA5268D80E9}"
EndProject
Project("{2150E333-8FDC-42A3-9474-1A3956D46DE8}") = "05-SDK", "05-SDK", "{98B600AB-4FEA-4555-87F4-4D0321B444BB}"
EndProject
Project("{FAE04EC0-301F-11D3-BF4B-00C04F79EFBC}") = "BerryCore.Extensions", "BerryCore.Framework\Utilities\BerryCore.Extensions\BerryCore.Extensions.csproj", "{C89B9AB2-A27B-498B-8D59-FD1713596C35}"
EndProject
Project("{FAE04EC0-301F-11D3-BF4B-00C04F79EFBC}") = "BerryCore.Utilities", "BerryCore.Framework\Utilities\BerryCore.Utilities\BerryCore.Utilities.csproj", "{F843472B-E7C1-4E45-9E52-99F29C7F16E3}"
EndProject
Project("{FAE04EC0-301F-11D3-BF4B-00C04F79EFBC}") = "BerryCore.Log", "BerryCore.Framework\Utilities\BerryCore.Log\BerryCore.Log.csproj", "{36F14E26-5650-400C-BA8F-A76D28C767CB}"
EndProject
Project("{FAE04EC0-301F-11D3-BF4B-00C04F79EFBC}") = "BerryCore.IOC", "BerryCore.Framework\Utilities\BerryCore.IOC\BerryCore.IOC.csproj", "{9174FE79-EC43-4932-9CB2-65ED716DD6AA}"
EndProject
Project("{FAE04EC0-301F-11D3-BF4B-00C04F79EFBC}") = "BerryCore.AutoMapper", "BerryCore.Framework\Utilities\BerryCore.AutoMapper\BerryCore.AutoMapper.csproj", "{5BA10BF7-4609-470A-8BB4-0D6C5862A703}"
EndProject
Project("{FAE04EC0-301F-11D3-BF4B-00C04F79EFBC}") = "BerryCore.Utilities.JWT", "BerryCore.Framework\Utilities\BerryCore.Utilities.JWT\BerryCore.Utilities.JWT.csproj", "{14CC6D65-BCEF-48E1-82BB-C6BB6BD27F20}"
EndProject
Project("{FAE04EC0-301F-11D3-BF4B-00C04F79EFBC}") = "BerryCore.Code", "BerryCore.Framework\Global\BerryCore.Code\BerryCore.Code.csproj", "{E17BD892-70DD-4A2C-AE1D-728237EB9DA1}"
EndProject
Project("{FAE04EC0-301F-11D3-BF4B-00C04F79EFBC}") = "BerryCore.Entity", "BerryCore.Models\BerryCore.Entity\BerryCore.Entity.csproj", "{A9E7DDA2-4029-45AE-AA1F-5A27D3182954}"
EndProject
Project("{FAE04EC0-301F-11D3-BF4B-00C04F79EFBC}") = "BerryCore.Data", "BerryCore.DataAccess\BerryCore.Data\BerryCore.Data.csproj", "{6F955EF1-B280-4D0C-92A8-2C8A73265027}"
EndProject
Project("{FAE04EC0-301F-11D3-BF4B-00C04F79EFBC}") = "BerryCore.Data.Dapper", "BerryCore.DataAccess\BerryCore.Data.Dapper\BerryCore.Data.Dapper.csproj", "{EFCC8430-D182-42D7-9AF2-AA4F8A359F77}"
EndProject
Project("{FAE04EC0-301F-11D3-BF4B-00C04F79EFBC}") = "BerryCore.Data.EF", "BerryCore.DataAccess\BerryCore.Data.EF\BerryCore.Data.EF.csproj", "{F292D8C1-4D35-4578-A5A7-5031B5EBCCC4}"
EndProject
Project("{FAE04EC0-301F-11D3-BF4B-00C04F79EFBC}") = "BerryCore.Data.ADO", "BerryCore.DataAccess\BerryCore.Data.ADO\BerryCore.Data.ADO.csproj", "{8BC5ADE2-6B7A-4B82-A9AA-2C0D63772CF7}"
EndProject
Project("{2150E333-8FDC-42A3-9474-1A3956D46DE8}") = "01-AppCache", "01-AppCache", "{3FFCDD48-35D9-4932-BAD2-CBDA9E7C34C2}"
EndProject
Project("{FAE04EC0-301F-11D3-BF4B-00C04F79EFBC}") = "BerryCore.App.Cache", "BerryCore.Business\BerryCore.App.Cache\BerryCore.App.Cache.csproj", "{5D65E5FB-587A-4F60-96F3-2A78808C2600}"
EndProject
Project("{2150E333-8FDC-42A3-9474-1A3956D46DE8}") = "03-BLL", "03-BLL", "{CFB09E58-622A-4002-8A64-B7CB124EF3E7}"
EndProject
Project("{2150E333-8FDC-42A3-9474-1A3956D46DE8}") = "02-Service", "02-Service", "{D5801834-C65F-4399-908C-0240915C8D29}"
EndProject
Project("{FAE04EC0-301F-11D3-BF4B-00C04F79EFBC}") = "BerryCore.IService", "BerryCore.Business\BerryCore.IService\BerryCore.IService.csproj", "{ECADE0BD-0186-4598-A514-07C8C6EF7C84}"
EndProject
Project("{FAE04EC0-301F-11D3-BF4B-00C04F79EFBC}") = "BerryCore.Service", "BerryCore.Business\BerryCore.Service\BerryCore.Service.csproj", "{93F2B784-8364-42DD-A170-83AC969F5BF3}"
EndProject
Project("{FAE04EC0-301F-11D3-BF4B-00C04F79EFBC}") = "BerryCore.IBLL", "BerryCore.Business\BerryCore.IBLL\BerryCore.IBLL.csproj", "{6D12CB2E-14B0-4843-A915-DAF2962E5171}"
EndProject
Project("{FAE04EC0-301F-11D3-BF4B-00C04F79EFBC}") = "BerryCore.BLL", "BerryCore.Business\BerryCore.BLL\BerryCore.BLL.csproj", "{59C2EEA0-1386-4680-A1D0-ECF54F852F54}"
EndProject
Project("{FAE04EC0-301F-11D3-BF4B-00C04F79EFBC}") = "BerryCore.Data.Repository", "BerryCore.DataAccess\BerryCore.Data.Repository\BerryCore.Data.Repository.csproj", "{A3724E87-CB69-4498-90E9-4EFBF51632A0}"
EndProject
Project("{FAE04EC0-301F-11D3-BF4B-00C04F79EFBC}") = "BerryCore.UnitTest", "BerryCore.Test\BerryCore.UnitTest\BerryCore.UnitTest.csproj", "{EE1CCD97-06AC-4CF1-B031-087DD1B52D8A}"
EndProject
Project("{FAE04EC0-301F-11D3-BF4B-00C04F79EFBC}") = "BerryCore.Utilities.Lambda2SQL", "BerryCore.Framework\Utilities\BerryCore.Utilities.Lambda2SQL\BerryCore.Utilities.Lambda2SQL.csproj", "{488F2FB7-DD80-4227-A60E-D02F14F97F0C}"
EndProject
Project("{FAE04EC0-301F-11D3-BF4B-00C04F79EFBC}") = "Berry.Cache.Core", "BerryCore.Framework\Cache\Berry.Cache.Core\Berry.Cache.Core.csproj", "{1F0D4E6E-FFF8-4914-89F3-53198463D5A3}"
EndProject
Project("{2150E333-8FDC-42A3-9474-1A3956D46DE8}") = "05-WCF", "05-WCF", "{B11401D8-2E53-485E-AAC0-4342F6A20C2C}"
EndProject
Project("{FAE04EC0-301F-11D3-BF4B-00C04F79EFBC}") = "BerryCore.WCF.BaseBehavior", "BerryCore.WCF\BerryCore.WCF.BaseBehavior\BerryCore.WCF.BaseBehavior.csproj", "{46B5136B-F117-4F3A-99FA-E69763FEE262}"
EndProject
Project("{FAE04EC0-301F-11D3-BF4B-00C04F79EFBC}") = "BerryCore.WCF.DataContract", "BerryCore.WCF\BerryCore.WCF.DataContract\BerryCore.WCF.DataContract.csproj", "{BF3EEDF4-2262-4CCA-ADDC-3986A1A78D37}"
EndProject
Project("{FAE04EC0-301F-11D3-BF4B-00C04F79EFBC}") = "BerryCore.WCF.Service", "BerryCore.WCF\BerryCore.WCF.Service\BerryCore.WCF.Service.csproj", "{3EF89CA1-9D62-4DFA-B27D-F9AD948709E3}"
EndProject
Project("{FAE04EC0-301F-11D3-BF4B-00C04F79EFBC}") = "BerryCore.WCF.ServiceBehavior", "BerryCore.WCF\BerryCore.WCF.ServiceBehavior\BerryCore.WCF.ServiceBehavior.csproj", "{7F755F8F-7141-420E-A9AB-709A2EA3AFDA}"
EndProject
Project("{FAE04EC0-301F-11D3-BF4B-00C04F79EFBC}") = "BerryCore.WCF.ServiceContract", "BerryCore.WCF\BerryCore.WCF.ServiceContract\BerryCore.WCF.ServiceContract.csproj", "{4E3AF45D-9152-425F-AA39-FA0FCDE779CB}"
EndProject
Project("{2150E333-8FDC-42A3-9474-1A3956D46DE8}") = "06-Socket", "06-Socket", "{123E6341-41C9-4F61-98FF-9DD62082FE35}"
EndProject
Project("{FAE04EC0-301F-11D3-BF4B-00C04F79EFBC}") = "SurperSocket.Core.Client", "BerryCore.Framework\Socket\SurperSocket.Core.Client\SurperSocket.Core.Client.csproj", "{C1F08A73-FB29-4088-9873-6F68B65438B6}"
EndProject
Project("{FAE04EC0-301F-11D3-BF4B-00C04F79EFBC}") = "SurperSocket.Core.Service", "BerryCore.Framework\Socket\SurperSocket.Core.Service\SurperSocket.Core.Service.csproj", "{9B383B9C-1BC4-46A3-9104-DBDBC6E58719}"
EndProject
Project("{FAE04EC0-301F-11D3-BF4B-00C04F79EFBC}") = "SurperSocket.Core", "BerryCore.Framework\Socket\SurperSocket.Core\SurperSocket.Core.csproj", "{8DBD56FE-B4A7-42F2-976A-BEF6C8703AF8}"
EndProject
Project("{2150E333-8FDC-42A3-9474-1A3956D46DE8}") = "10-Simples", "10-Simples", "{D1BE9E85-DBD7-41A3-85D3-E58063DC38E3}"
EndProject
Project("{FAE04EC0-301F-11D3-BF4B-00C04F79EFBC}") = "SurperSocket.Client", "BerryCore.Simples\SurperSocket.Client\SurperSocket.Client.csproj", "{342CEF90-BE1B-4D5C-8F85-8CB2741ED7E8}"
EndProject
Project("{FAE04EC0-301F-11D3-BF4B-00C04F79EFBC}") = "SurperSocket.Service", "BerryCore.Simples\SurperSocket.Service\SurperSocket.Service.csproj", "{329FBC8D-C3E4-40E0-B29F-72B7FC646A31}"
EndProject
Project("{2150E333-8FDC-42A3-9474-1A3956D46DE8}") = "SurperSocket", "SurperSocket", "{21508196-72FF-471C-83D5-8F06865437F8}"
EndProject
Project("{FAE04EC0-301F-11D3-BF4B-00C04F79EFBC}") = "BerryCore.DistributedLockManager", "BerryCore.Framework\Utilities\BerryCore.DistributedLockManager\BerryCore.DistributedLockManager.csproj", "{DA51C5C2-D438-4CE7-84E7-3BAC54CDE699}"
EndProject
Project("{FAE04EC0-301F-11D3-BF4B-00C04F79EFBC}") = "BerryCore.MQ.RabbitMQ", "BerryCore.Framework\MQ\BerryCore.MQ.RabbitMQ\BerryCore.MQ.RabbitMQ.csproj", "{FAA8DB0A-51BB-4509-AC24-9D5F6310DE5D}"
EndProject
Project("{FAE04EC0-301F-11D3-BF4B-00C04F79EFBC}") = "BerryCore.MQ", "BerryCore.Framework\MQ\BerryCore.MQ\BerryCore.MQ.csproj", "{9ECD6F32-887E-4F85-8254-13E67A96295E}"
EndProject
Project("{2150E333-8FDC-42A3-9474-1A3956D46DE8}") = "MQ", "MQ", "{2699EBFA-F06D-485F-AF79-B7F1FFC498AD}"
EndProject
Project("{FAE04EC0-301F-11D3-BF4B-00C04F79EFBC}") = "RabbitMq.Subscribe", "BerryCore.Simples\RabbitMq.Subscribe\RabbitMq.Subscribe.csproj", "{06FD1478-69BB-493A-A057-95C7CD49D442}"
EndProject
Project("{FAE04EC0-301F-11D3-BF4B-00C04F79EFBC}") = "RabbitMq.Publish", "BerryCore.Simples\RabbitMq.Publish\RabbitMq.Publish.csproj", "{6EFBCDD9-DC20-4E5C-9742-7D7CA2223040}"
EndProject
Project("{FAE04EC0-301F-11D3-BF4B-00C04F79EFBC}") = "BerryCore.MQ.RabbitMQ.EasyNetQ", "BerryCore.Framework\MQ\BerryCore.MQ.RabbitMQ.EasyNetQ\BerryCore.MQ.RabbitMQ.EasyNetQ.csproj", "{8BA10D7E-4C89-4906-AF9B-FA11651D8675}"
EndProject
Project("{FAE04EC0-301F-11D3-BF4B-00C04F79EFBC}") = "BerryCore.Utilities.KetamaHash", "BerryCore.Framework\Utilities\BerryCore.Utilities.KetamaHash\BerryCore.Utilities.KetamaHash.csproj", "{B3949D50-E99B-48C1-9E7F-9FB659AEDCFD}"
EndProject
Project("{FAE04EC0-301F-11D3-BF4B-00C04F79EFBC}") = "BerryCore.Utilities.Quartz", "BerryCore.Framework\Utilities\BerryCore.Utilities.Quartz\BerryCore.Utilities.Quartz.csproj", "{BD03C77F-2BCC-49E5-A29E-5547D64CC4E1}"
EndProject
Project("{2150E333-8FDC-42A3-9474-1A3956D46DE8}") = "00-RabbitMQ", "00-RabbitMQ", "{C6ACE876-A70E-4605-BDDB-14531CDC889C}"
EndProject
Project("{2150E333-8FDC-42A3-9474-1A3956D46DE8}") = "06-SOA", "06-SOA", "{D87A35D0-56F6-491B-91D4-CB9180BD0FE1}"
EndProject
Project("{2150E333-8FDC-42A3-9474-1A3956D46DE8}") = "07-AutomaticTask", "07-AutomaticTask", "{7D44F38D-B037-4096-8170-34B1B7731600}"
EndProject
Project("{FAE04EC0-301F-11D3-BF4B-00C04F79EFBC}") = "BerryCore.AutomaticTask", "BerryCore.AutomaticTask\BerryCore.AutomaticTask\BerryCore.AutomaticTask.csproj", "{02099343-1F13-4D3B-A74B-8D1062E3B532}"
EndProject
Global
	GlobalSection(SolutionConfigurationPlatforms) = preSolution
		Debug|Any CPU = Debug|Any CPU
		Release|Any CPU = Release|Any CPU
	EndGlobalSection
	GlobalSection(ProjectConfigurationPlatforms) = postSolution
		{C89B9AB2-A27B-498B-8D59-FD1713596C35}.Debug|Any CPU.ActiveCfg = Debug|Any CPU
		{C89B9AB2-A27B-498B-8D59-FD1713596C35}.Debug|Any CPU.Build.0 = Debug|Any CPU
		{C89B9AB2-A27B-498B-8D59-FD1713596C35}.Release|Any CPU.ActiveCfg = Release|Any CPU
		{C89B9AB2-A27B-498B-8D59-FD1713596C35}.Release|Any CPU.Build.0 = Release|Any CPU
		{F843472B-E7C1-4E45-9E52-99F29C7F16E3}.Debug|Any CPU.ActiveCfg = Debug|Any CPU
		{F843472B-E7C1-4E45-9E52-99F29C7F16E3}.Debug|Any CPU.Build.0 = Debug|Any CPU
		{F843472B-E7C1-4E45-9E52-99F29C7F16E3}.Release|Any CPU.ActiveCfg = Release|Any CPU
		{F843472B-E7C1-4E45-9E52-99F29C7F16E3}.Release|Any CPU.Build.0 = Release|Any CPU
		{36F14E26-5650-400C-BA8F-A76D28C767CB}.Debug|Any CPU.ActiveCfg = Debug|Any CPU
		{36F14E26-5650-400C-BA8F-A76D28C767CB}.Debug|Any CPU.Build.0 = Debug|Any CPU
		{36F14E26-5650-400C-BA8F-A76D28C767CB}.Release|Any CPU.ActiveCfg = Release|Any CPU
		{36F14E26-5650-400C-BA8F-A76D28C767CB}.Release|Any CPU.Build.0 = Release|Any CPU
		{9174FE79-EC43-4932-9CB2-65ED716DD6AA}.Debug|Any CPU.ActiveCfg = Debug|Any CPU
		{9174FE79-EC43-4932-9CB2-65ED716DD6AA}.Debug|Any CPU.Build.0 = Debug|Any CPU
		{9174FE79-EC43-4932-9CB2-65ED716DD6AA}.Release|Any CPU.ActiveCfg = Release|Any CPU
		{9174FE79-EC43-4932-9CB2-65ED716DD6AA}.Release|Any CPU.Build.0 = Release|Any CPU
		{5BA10BF7-4609-470A-8BB4-0D6C5862A703}.Debug|Any CPU.ActiveCfg = Debug|Any CPU
		{5BA10BF7-4609-470A-8BB4-0D6C5862A703}.Debug|Any CPU.Build.0 = Debug|Any CPU
		{5BA10BF7-4609-470A-8BB4-0D6C5862A703}.Release|Any CPU.ActiveCfg = Release|Any CPU
		{5BA10BF7-4609-470A-8BB4-0D6C5862A703}.Release|Any CPU.Build.0 = Release|Any CPU
		{14CC6D65-BCEF-48E1-82BB-C6BB6BD27F20}.Debug|Any CPU.ActiveCfg = Debug|Any CPU
		{14CC6D65-BCEF-48E1-82BB-C6BB6BD27F20}.Debug|Any CPU.Build.0 = Debug|Any CPU
		{14CC6D65-BCEF-48E1-82BB-C6BB6BD27F20}.Release|Any CPU.ActiveCfg = Release|Any CPU
		{14CC6D65-BCEF-48E1-82BB-C6BB6BD27F20}.Release|Any CPU.Build.0 = Release|Any CPU
		{E17BD892-70DD-4A2C-AE1D-728237EB9DA1}.Debug|Any CPU.ActiveCfg = Debug|Any CPU
		{E17BD892-70DD-4A2C-AE1D-728237EB9DA1}.Debug|Any CPU.Build.0 = Debug|Any CPU
		{E17BD892-70DD-4A2C-AE1D-728237EB9DA1}.Release|Any CPU.ActiveCfg = Release|Any CPU
		{E17BD892-70DD-4A2C-AE1D-728237EB9DA1}.Release|Any CPU.Build.0 = Release|Any CPU
		{A9E7DDA2-4029-45AE-AA1F-5A27D3182954}.Debug|Any CPU.ActiveCfg = Debug|Any CPU
		{A9E7DDA2-4029-45AE-AA1F-5A27D3182954}.Debug|Any CPU.Build.0 = Debug|Any CPU
		{A9E7DDA2-4029-45AE-AA1F-5A27D3182954}.Release|Any CPU.ActiveCfg = Release|Any CPU
		{A9E7DDA2-4029-45AE-AA1F-5A27D3182954}.Release|Any CPU.Build.0 = Release|Any CPU
		{6F955EF1-B280-4D0C-92A8-2C8A73265027}.Debug|Any CPU.ActiveCfg = Debug|Any CPU
		{6F955EF1-B280-4D0C-92A8-2C8A73265027}.Debug|Any CPU.Build.0 = Debug|Any CPU
		{6F955EF1-B280-4D0C-92A8-2C8A73265027}.Release|Any CPU.ActiveCfg = Release|Any CPU
		{6F955EF1-B280-4D0C-92A8-2C8A73265027}.Release|Any CPU.Build.0 = Release|Any CPU
		{EFCC8430-D182-42D7-9AF2-AA4F8A359F77}.Debug|Any CPU.ActiveCfg = Debug|Any CPU
		{EFCC8430-D182-42D7-9AF2-AA4F8A359F77}.Debug|Any CPU.Build.0 = Debug|Any CPU
		{EFCC8430-D182-42D7-9AF2-AA4F8A359F77}.Release|Any CPU.ActiveCfg = Release|Any CPU
		{EFCC8430-D182-42D7-9AF2-AA4F8A359F77}.Release|Any CPU.Build.0 = Release|Any CPU
		{F292D8C1-4D35-4578-A5A7-5031B5EBCCC4}.Debug|Any CPU.ActiveCfg = Debug|Any CPU
		{F292D8C1-4D35-4578-A5A7-5031B5EBCCC4}.Debug|Any CPU.Build.0 = Debug|Any CPU
		{F292D8C1-4D35-4578-A5A7-5031B5EBCCC4}.Release|Any CPU.ActiveCfg = Release|Any CPU
		{F292D8C1-4D35-4578-A5A7-5031B5EBCCC4}.Release|Any CPU.Build.0 = Release|Any CPU
		{8BC5ADE2-6B7A-4B82-A9AA-2C0D63772CF7}.Debug|Any CPU.ActiveCfg = Debug|Any CPU
		{8BC5ADE2-6B7A-4B82-A9AA-2C0D63772CF7}.Debug|Any CPU.Build.0 = Debug|Any CPU
		{8BC5ADE2-6B7A-4B82-A9AA-2C0D63772CF7}.Release|Any CPU.ActiveCfg = Release|Any CPU
		{8BC5ADE2-6B7A-4B82-A9AA-2C0D63772CF7}.Release|Any CPU.Build.0 = Release|Any CPU
		{5D65E5FB-587A-4F60-96F3-2A78808C2600}.Debug|Any CPU.ActiveCfg = Debug|Any CPU
		{5D65E5FB-587A-4F60-96F3-2A78808C2600}.Debug|Any CPU.Build.0 = Debug|Any CPU
		{5D65E5FB-587A-4F60-96F3-2A78808C2600}.Release|Any CPU.ActiveCfg = Release|Any CPU
		{5D65E5FB-587A-4F60-96F3-2A78808C2600}.Release|Any CPU.Build.0 = Release|Any CPU
		{ECADE0BD-0186-4598-A514-07C8C6EF7C84}.Debug|Any CPU.ActiveCfg = Debug|Any CPU
		{ECADE0BD-0186-4598-A514-07C8C6EF7C84}.Debug|Any CPU.Build.0 = Debug|Any CPU
		{ECADE0BD-0186-4598-A514-07C8C6EF7C84}.Release|Any CPU.ActiveCfg = Release|Any CPU
		{ECADE0BD-0186-4598-A514-07C8C6EF7C84}.Release|Any CPU.Build.0 = Release|Any CPU
		{93F2B784-8364-42DD-A170-83AC969F5BF3}.Debug|Any CPU.ActiveCfg = Debug|Any CPU
		{93F2B784-8364-42DD-A170-83AC969F5BF3}.Debug|Any CPU.Build.0 = Debug|Any CPU
		{93F2B784-8364-42DD-A170-83AC969F5BF3}.Release|Any CPU.ActiveCfg = Release|Any CPU
		{93F2B784-8364-42DD-A170-83AC969F5BF3}.Release|Any CPU.Build.0 = Release|Any CPU
		{6D12CB2E-14B0-4843-A915-DAF2962E5171}.Debug|Any CPU.ActiveCfg = Debug|Any CPU
		{6D12CB2E-14B0-4843-A915-DAF2962E5171}.Debug|Any CPU.Build.0 = Debug|Any CPU
		{6D12CB2E-14B0-4843-A915-DAF2962E5171}.Release|Any CPU.ActiveCfg = Release|Any CPU
		{6D12CB2E-14B0-4843-A915-DAF2962E5171}.Release|Any CPU.Build.0 = Release|Any CPU
		{59C2EEA0-1386-4680-A1D0-ECF54F852F54}.Debug|Any CPU.ActiveCfg = Debug|Any CPU
		{59C2EEA0-1386-4680-A1D0-ECF54F852F54}.Debug|Any CPU.Build.0 = Debug|Any CPU
		{59C2EEA0-1386-4680-A1D0-ECF54F852F54}.Release|Any CPU.ActiveCfg = Release|Any CPU
		{59C2EEA0-1386-4680-A1D0-ECF54F852F54}.Release|Any CPU.Build.0 = Release|Any CPU
		{A3724E87-CB69-4498-90E9-4EFBF51632A0}.Debug|Any CPU.ActiveCfg = Debug|Any CPU
		{A3724E87-CB69-4498-90E9-4EFBF51632A0}.Debug|Any CPU.Build.0 = Debug|Any CPU
		{A3724E87-CB69-4498-90E9-4EFBF51632A0}.Release|Any CPU.ActiveCfg = Release|Any CPU
		{A3724E87-CB69-4498-90E9-4EFBF51632A0}.Release|Any CPU.Build.0 = Release|Any CPU
		{EE1CCD97-06AC-4CF1-B031-087DD1B52D8A}.Debug|Any CPU.ActiveCfg = Debug|Any CPU
		{EE1CCD97-06AC-4CF1-B031-087DD1B52D8A}.Debug|Any CPU.Build.0 = Debug|Any CPU
		{EE1CCD97-06AC-4CF1-B031-087DD1B52D8A}.Release|Any CPU.ActiveCfg = Release|Any CPU
		{EE1CCD97-06AC-4CF1-B031-087DD1B52D8A}.Release|Any CPU.Build.0 = Release|Any CPU
		{488F2FB7-DD80-4227-A60E-D02F14F97F0C}.Debug|Any CPU.ActiveCfg = Debug|Any CPU
		{488F2FB7-DD80-4227-A60E-D02F14F97F0C}.Debug|Any CPU.Build.0 = Debug|Any CPU
		{488F2FB7-DD80-4227-A60E-D02F14F97F0C}.Release|Any CPU.ActiveCfg = Release|Any CPU
		{488F2FB7-DD80-4227-A60E-D02F14F97F0C}.Release|Any CPU.Build.0 = Release|Any CPU
		{1F0D4E6E-FFF8-4914-89F3-53198463D5A3}.Debug|Any CPU.ActiveCfg = Debug|Any CPU
		{1F0D4E6E-FFF8-4914-89F3-53198463D5A3}.Debug|Any CPU.Build.0 = Debug|Any CPU
		{1F0D4E6E-FFF8-4914-89F3-53198463D5A3}.Release|Any CPU.ActiveCfg = Release|Any CPU
		{1F0D4E6E-FFF8-4914-89F3-53198463D5A3}.Release|Any CPU.Build.0 = Release|Any CPU
		{46B5136B-F117-4F3A-99FA-E69763FEE262}.Debug|Any CPU.ActiveCfg = Debug|Any CPU
		{46B5136B-F117-4F3A-99FA-E69763FEE262}.Debug|Any CPU.Build.0 = Debug|Any CPU
		{46B5136B-F117-4F3A-99FA-E69763FEE262}.Release|Any CPU.ActiveCfg = Release|Any CPU
		{46B5136B-F117-4F3A-99FA-E69763FEE262}.Release|Any CPU.Build.0 = Release|Any CPU
		{BF3EEDF4-2262-4CCA-ADDC-3986A1A78D37}.Debug|Any CPU.ActiveCfg = Debug|Any CPU
		{BF3EEDF4-2262-4CCA-ADDC-3986A1A78D37}.Debug|Any CPU.Build.0 = Debug|Any CPU
		{BF3EEDF4-2262-4CCA-ADDC-3986A1A78D37}.Release|Any CPU.ActiveCfg = Release|Any CPU
		{BF3EEDF4-2262-4CCA-ADDC-3986A1A78D37}.Release|Any CPU.Build.0 = Release|Any CPU
		{3EF89CA1-9D62-4DFA-B27D-F9AD948709E3}.Debug|Any CPU.ActiveCfg = Debug|Any CPU
		{3EF89CA1-9D62-4DFA-B27D-F9AD948709E3}.Debug|Any CPU.Build.0 = Debug|Any CPU
		{3EF89CA1-9D62-4DFA-B27D-F9AD948709E3}.Release|Any CPU.ActiveCfg = Release|Any CPU
		{3EF89CA1-9D62-4DFA-B27D-F9AD948709E3}.Release|Any CPU.Build.0 = Release|Any CPU
		{7F755F8F-7141-420E-A9AB-709A2EA3AFDA}.Debug|Any CPU.ActiveCfg = Debug|Any CPU
		{7F755F8F-7141-420E-A9AB-709A2EA3AFDA}.Debug|Any CPU.Build.0 = Debug|Any CPU
		{7F755F8F-7141-420E-A9AB-709A2EA3AFDA}.Release|Any CPU.ActiveCfg = Release|Any CPU
		{7F755F8F-7141-420E-A9AB-709A2EA3AFDA}.Release|Any CPU.Build.0 = Release|Any CPU
		{4E3AF45D-9152-425F-AA39-FA0FCDE779CB}.Debug|Any CPU.ActiveCfg = Debug|Any CPU
		{4E3AF45D-9152-425F-AA39-FA0FCDE779CB}.Debug|Any CPU.Build.0 = Debug|Any CPU
		{4E3AF45D-9152-425F-AA39-FA0FCDE779CB}.Release|Any CPU.ActiveCfg = Release|Any CPU
		{4E3AF45D-9152-425F-AA39-FA0FCDE779CB}.Release|Any CPU.Build.0 = Release|Any CPU
		{C1F08A73-FB29-4088-9873-6F68B65438B6}.Debug|Any CPU.ActiveCfg = Debug|Any CPU
		{C1F08A73-FB29-4088-9873-6F68B65438B6}.Debug|Any CPU.Build.0 = Debug|Any CPU
		{C1F08A73-FB29-4088-9873-6F68B65438B6}.Release|Any CPU.ActiveCfg = Release|Any CPU
		{C1F08A73-FB29-4088-9873-6F68B65438B6}.Release|Any CPU.Build.0 = Release|Any CPU
		{9B383B9C-1BC4-46A3-9104-DBDBC6E58719}.Debug|Any CPU.ActiveCfg = Debug|Any CPU
		{9B383B9C-1BC4-46A3-9104-DBDBC6E58719}.Debug|Any CPU.Build.0 = Debug|Any CPU
		{9B383B9C-1BC4-46A3-9104-DBDBC6E58719}.Release|Any CPU.ActiveCfg = Release|Any CPU
		{9B383B9C-1BC4-46A3-9104-DBDBC6E58719}.Release|Any CPU.Build.0 = Release|Any CPU
		{8DBD56FE-B4A7-42F2-976A-BEF6C8703AF8}.Debug|Any CPU.ActiveCfg = Debug|Any CPU
		{8DBD56FE-B4A7-42F2-976A-BEF6C8703AF8}.Debug|Any CPU.Build.0 = Debug|Any CPU
		{8DBD56FE-B4A7-42F2-976A-BEF6C8703AF8}.Release|Any CPU.ActiveCfg = Release|Any CPU
		{8DBD56FE-B4A7-42F2-976A-BEF6C8703AF8}.Release|Any CPU.Build.0 = Release|Any CPU
		{342CEF90-BE1B-4D5C-8F85-8CB2741ED7E8}.Debug|Any CPU.ActiveCfg = Debug|Any CPU
		{342CEF90-BE1B-4D5C-8F85-8CB2741ED7E8}.Debug|Any CPU.Build.0 = Debug|Any CPU
		{342CEF90-BE1B-4D5C-8F85-8CB2741ED7E8}.Release|Any CPU.ActiveCfg = Release|Any CPU
		{342CEF90-BE1B-4D5C-8F85-8CB2741ED7E8}.Release|Any CPU.Build.0 = Release|Any CPU
		{329FBC8D-C3E4-40E0-B29F-72B7FC646A31}.Debug|Any CPU.ActiveCfg = Debug|Any CPU
		{329FBC8D-C3E4-40E0-B29F-72B7FC646A31}.Debug|Any CPU.Build.0 = Debug|Any CPU
		{329FBC8D-C3E4-40E0-B29F-72B7FC646A31}.Release|Any CPU.ActiveCfg = Release|Any CPU
		{329FBC8D-C3E4-40E0-B29F-72B7FC646A31}.Release|Any CPU.Build.0 = Release|Any CPU
		{DA51C5C2-D438-4CE7-84E7-3BAC54CDE699}.Debug|Any CPU.ActiveCfg = Debug|Any CPU
		{DA51C5C2-D438-4CE7-84E7-3BAC54CDE699}.Debug|Any CPU.Build.0 = Debug|Any CPU
		{DA51C5C2-D438-4CE7-84E7-3BAC54CDE699}.Release|Any CPU.ActiveCfg = Release|Any CPU
		{DA51C5C2-D438-4CE7-84E7-3BAC54CDE699}.Release|Any CPU.Build.0 = Release|Any CPU
		{FAA8DB0A-51BB-4509-AC24-9D5F6310DE5D}.Debug|Any CPU.ActiveCfg = Debug|Any CPU
		{FAA8DB0A-51BB-4509-AC24-9D5F6310DE5D}.Debug|Any CPU.Build.0 = Debug|Any CPU
		{FAA8DB0A-51BB-4509-AC24-9D5F6310DE5D}.Release|Any CPU.ActiveCfg = Release|Any CPU
		{FAA8DB0A-51BB-4509-AC24-9D5F6310DE5D}.Release|Any CPU.Build.0 = Release|Any CPU
		{9ECD6F32-887E-4F85-8254-13E67A96295E}.Debug|Any CPU.ActiveCfg = Debug|Any CPU
		{9ECD6F32-887E-4F85-8254-13E67A96295E}.Debug|Any CPU.Build.0 = Debug|Any CPU
		{9ECD6F32-887E-4F85-8254-13E67A96295E}.Release|Any CPU.ActiveCfg = Release|Any CPU
		{9ECD6F32-887E-4F85-8254-13E67A96295E}.Release|Any CPU.Build.0 = Release|Any CPU
		{06FD1478-69BB-493A-A057-95C7CD49D442}.Debug|Any CPU.ActiveCfg = Debug|Any CPU
		{06FD1478-69BB-493A-A057-95C7CD49D442}.Debug|Any CPU.Build.0 = Debug|Any CPU
		{06FD1478-69BB-493A-A057-95C7CD49D442}.Release|Any CPU.ActiveCfg = Release|Any CPU
		{06FD1478-69BB-493A-A057-95C7CD49D442}.Release|Any CPU.Build.0 = Release|Any CPU
		{6EFBCDD9-DC20-4E5C-9742-7D7CA2223040}.Debug|Any CPU.ActiveCfg = Debug|Any CPU
		{6EFBCDD9-DC20-4E5C-9742-7D7CA2223040}.Debug|Any CPU.Build.0 = Debug|Any CPU
		{6EFBCDD9-DC20-4E5C-9742-7D7CA2223040}.Release|Any CPU.ActiveCfg = Release|Any CPU
		{6EFBCDD9-DC20-4E5C-9742-7D7CA2223040}.Release|Any CPU.Build.0 = Release|Any CPU
		{8BA10D7E-4C89-4906-AF9B-FA11651D8675}.Debug|Any CPU.ActiveCfg = Debug|Any CPU
		{8BA10D7E-4C89-4906-AF9B-FA11651D8675}.Debug|Any CPU.Build.0 = Debug|Any CPU
		{8BA10D7E-4C89-4906-AF9B-FA11651D8675}.Release|Any CPU.ActiveCfg = Release|Any CPU
		{8BA10D7E-4C89-4906-AF9B-FA11651D8675}.Release|Any CPU.Build.0 = Release|Any CPU
		{B3949D50-E99B-48C1-9E7F-9FB659AEDCFD}.Debug|Any CPU.ActiveCfg = Debug|Any CPU
		{B3949D50-E99B-48C1-9E7F-9FB659AEDCFD}.Debug|Any CPU.Build.0 = Debug|Any CPU
		{B3949D50-E99B-48C1-9E7F-9FB659AEDCFD}.Release|Any CPU.ActiveCfg = Release|Any CPU
		{B3949D50-E99B-48C1-9E7F-9FB659AEDCFD}.Release|Any CPU.Build.0 = Release|Any CPU
		{BD03C77F-2BCC-49E5-A29E-5547D64CC4E1}.Debug|Any CPU.ActiveCfg = Debug|Any CPU
		{BD03C77F-2BCC-49E5-A29E-5547D64CC4E1}.Debug|Any CPU.Build.0 = Debug|Any CPU
		{BD03C77F-2BCC-49E5-A29E-5547D64CC4E1}.Release|Any CPU.ActiveCfg = Release|Any CPU
		{BD03C77F-2BCC-49E5-A29E-5547D64CC4E1}.Release|Any CPU.Build.0 = Release|Any CPU
		{02099343-1F13-4D3B-A74B-8D1062E3B532}.Debug|Any CPU.ActiveCfg = Debug|Any CPU
		{02099343-1F13-4D3B-A74B-8D1062E3B532}.Debug|Any CPU.Build.0 = Debug|Any CPU
		{02099343-1F13-4D3B-A74B-8D1062E3B532}.Release|Any CPU.ActiveCfg = Release|Any CPU
		{02099343-1F13-4D3B-A74B-8D1062E3B532}.Release|Any CPU.Build.0 = Release|Any CPU
	EndGlobalSection
	GlobalSection(SolutionProperties) = preSolution
		HideSolutionNode = FALSE
	EndGlobalSection
	GlobalSection(NestedProjects) = preSolution
		{C94DF27F-2600-4C0E-8288-6C2D980F89F4} = {A75AFCC0-873C-4D15-A969-211A5D4DBA27}
		{5202A3E7-C766-42D2-8128-762AEE2883B1} = {A75AFCC0-873C-4D15-A969-211A5D4DBA27}
		{530D4B88-FABE-4937-B660-D794FB55557F} = {A75AFCC0-873C-4D15-A969-211A5D4DBA27}
		{EB0D5B8A-A477-4AC5-B844-A14F252C246B} = {A75AFCC0-873C-4D15-A969-211A5D4DBA27}
		{E308B040-E3F5-4603-8591-DEA5268D80E9} = {A75AFCC0-873C-4D15-A969-211A5D4DBA27}
		{98B600AB-4FEA-4555-87F4-4D0321B444BB} = {A75AFCC0-873C-4D15-A969-211A5D4DBA27}
		{C89B9AB2-A27B-498B-8D59-FD1713596C35} = {C94DF27F-2600-4C0E-8288-6C2D980F89F4}
		{F843472B-E7C1-4E45-9E52-99F29C7F16E3} = {C94DF27F-2600-4C0E-8288-6C2D980F89F4}
		{36F14E26-5650-400C-BA8F-A76D28C767CB} = {C94DF27F-2600-4C0E-8288-6C2D980F89F4}
		{9174FE79-EC43-4932-9CB2-65ED716DD6AA} = {C94DF27F-2600-4C0E-8288-6C2D980F89F4}
		{5BA10BF7-4609-470A-8BB4-0D6C5862A703} = {C94DF27F-2600-4C0E-8288-6C2D980F89F4}
		{14CC6D65-BCEF-48E1-82BB-C6BB6BD27F20} = {C94DF27F-2600-4C0E-8288-6C2D980F89F4}
		{E17BD892-70DD-4A2C-AE1D-728237EB9DA1} = {530D4B88-FABE-4937-B660-D794FB55557F}
		{A9E7DDA2-4029-45AE-AA1F-5A27D3182954} = {4CE396D6-7CE0-48DA-A50B-DF8F98F22FDB}
		{6F955EF1-B280-4D0C-92A8-2C8A73265027} = {CA5BFE96-0F63-4903-852F-00DB61C861B8}
		{EFCC8430-D182-42D7-9AF2-AA4F8A359F77} = {CA5BFE96-0F63-4903-852F-00DB61C861B8}
		{F292D8C1-4D35-4578-A5A7-5031B5EBCCC4} = {CA5BFE96-0F63-4903-852F-00DB61C861B8}
		{8BC5ADE2-6B7A-4B82-A9AA-2C0D63772CF7} = {CA5BFE96-0F63-4903-852F-00DB61C861B8}
		{3FFCDD48-35D9-4932-BAD2-CBDA9E7C34C2} = {676BB5E3-8798-4DFE-9D3C-53E070C7E2B5}
		{5D65E5FB-587A-4F60-96F3-2A78808C2600} = {3FFCDD48-35D9-4932-BAD2-CBDA9E7C34C2}
		{CFB09E58-622A-4002-8A64-B7CB124EF3E7} = {676BB5E3-8798-4DFE-9D3C-53E070C7E2B5}
		{D5801834-C65F-4399-908C-0240915C8D29} = {676BB5E3-8798-4DFE-9D3C-53E070C7E2B5}
		{ECADE0BD-0186-4598-A514-07C8C6EF7C84} = {D5801834-C65F-4399-908C-0240915C8D29}
		{93F2B784-8364-42DD-A170-83AC969F5BF3} = {D5801834-C65F-4399-908C-0240915C8D29}
		{6D12CB2E-14B0-4843-A915-DAF2962E5171} = {CFB09E58-622A-4002-8A64-B7CB124EF3E7}
		{59C2EEA0-1386-4680-A1D0-ECF54F852F54} = {CFB09E58-622A-4002-8A64-B7CB124EF3E7}
		{A3724E87-CB69-4498-90E9-4EFBF51632A0} = {CA5BFE96-0F63-4903-852F-00DB61C861B8}
		{EE1CCD97-06AC-4CF1-B031-087DD1B52D8A} = {53C62662-6FDE-417C-B66A-318C521C2078}
		{488F2FB7-DD80-4227-A60E-D02F14F97F0C} = {C94DF27F-2600-4C0E-8288-6C2D980F89F4}
		{1F0D4E6E-FFF8-4914-89F3-53198463D5A3} = {5202A3E7-C766-42D2-8128-762AEE2883B1}
		{46B5136B-F117-4F3A-99FA-E69763FEE262} = {B11401D8-2E53-485E-AAC0-4342F6A20C2C}
		{BF3EEDF4-2262-4CCA-ADDC-3986A1A78D37} = {B11401D8-2E53-485E-AAC0-4342F6A20C2C}
		{3EF89CA1-9D62-4DFA-B27D-F9AD948709E3} = {B11401D8-2E53-485E-AAC0-4342F6A20C2C}
		{7F755F8F-7141-420E-A9AB-709A2EA3AFDA} = {B11401D8-2E53-485E-AAC0-4342F6A20C2C}
		{4E3AF45D-9152-425F-AA39-FA0FCDE779CB} = {B11401D8-2E53-485E-AAC0-4342F6A20C2C}
		{123E6341-41C9-4F61-98FF-9DD62082FE35} = {A75AFCC0-873C-4D15-A969-211A5D4DBA27}
		{C1F08A73-FB29-4088-9873-6F68B65438B6} = {123E6341-41C9-4F61-98FF-9DD62082FE35}
		{9B383B9C-1BC4-46A3-9104-DBDBC6E58719} = {123E6341-41C9-4F61-98FF-9DD62082FE35}
		{8DBD56FE-B4A7-42F2-976A-BEF6C8703AF8} = {123E6341-41C9-4F61-98FF-9DD62082FE35}
		{342CEF90-BE1B-4D5C-8F85-8CB2741ED7E8} = {21508196-72FF-471C-83D5-8F06865437F8}
		{329FBC8D-C3E4-40E0-B29F-72B7FC646A31} = {21508196-72FF-471C-83D5-8F06865437F8}
		{21508196-72FF-471C-83D5-8F06865437F8} = {D1BE9E85-DBD7-41A3-85D3-E58063DC38E3}
		{DA51C5C2-D438-4CE7-84E7-3BAC54CDE699} = {C94DF27F-2600-4C0E-8288-6C2D980F89F4}
		{FAA8DB0A-51BB-4509-AC24-9D5F6310DE5D} = {C6ACE876-A70E-4605-BDDB-14531CDC889C}
		{9ECD6F32-887E-4F85-8254-13E67A96295E} = {C6ACE876-A70E-4605-BDDB-14531CDC889C}
		{2699EBFA-F06D-485F-AF79-B7F1FFC498AD} = {D1BE9E85-DBD7-41A3-85D3-E58063DC38E3}
		{06FD1478-69BB-493A-A057-95C7CD49D442} = {2699EBFA-F06D-485F-AF79-B7F1FFC498AD}
		{6EFBCDD9-DC20-4E5C-9742-7D7CA2223040} = {2699EBFA-F06D-485F-AF79-B7F1FFC498AD}
		{8BA10D7E-4C89-4906-AF9B-FA11651D8675} = {C6ACE876-A70E-4605-BDDB-14531CDC889C}
		{B3949D50-E99B-48C1-9E7F-9FB659AEDCFD} = {C94DF27F-2600-4C0E-8288-6C2D980F89F4}
		{BD03C77F-2BCC-49E5-A29E-5547D64CC4E1} = {C94DF27F-2600-4C0E-8288-6C2D980F89F4}
		{C6ACE876-A70E-4605-BDDB-14531CDC889C} = {EB0D5B8A-A477-4AC5-B844-A14F252C246B}
		{02099343-1F13-4D3B-A74B-8D1062E3B532} = {7D44F38D-B037-4096-8170-34B1B7731600}
	EndGlobalSection
	GlobalSection(ExtensibilityGlobals) = postSolution
		SolutionGuid = {7F439A65-1309-4355-A34A-732E6F7B774E}
	EndGlobalSection
EndGlobal
